
Microsoft Visual Studio Solution File, Format Version 12.00
# Visual Studio Version 17
VisualStudioVersion = 17.3.32901.215
MinimumVisualStudioVersion = 10.0.40219.1
Project("{FAE04EC0-301F-11D3-BF4B-00C04F79EFBC}") = "Funcionario", "Funcionario\Funcionario.csproj", "{3EC3B684-681D-4F89-AD9D-C491F74FFDC6}"
EndProject
Global
	GlobalSection(SolutionConfigurationPlatforms) = preSolution
		Debug|Any CPU = Debug|Any CPU
		Release|Any CPU = Release|Any CPU
	EndGlobalSection
	GlobalSection(ProjectConfigurationPlatforms) = postSolution
		{3EC3B684-681D-4F89-AD9D-C491F74FFDC6}.Debug|Any CPU.ActiveCfg = Debug|Any CPU
		{3EC3B684-681D-4F89-AD9D-C491F74FFDC6}.Debug|Any CPU.Build.0 = Debug|Any CPU
		{3EC3B684-681D-4F89-AD9D-C491F74FFDC6}.Release|Any CPU.ActiveCfg = Release|Any CPU
		{3EC3B684-681D-4F89-AD9D-C491F74FFDC6}.Release|Any CPU.Build.0 = Release|Any CPU
	EndGlobalSection
	GlobalSection(SolutionProperties) = preSolution
		HideSolutionNode = FALSE
	EndGlobalSection
	GlobalSection(ExtensibilityGlobals) = postSolution
		SolutionGuid = {E6FE0F47-EDD0-4B62-A5B6-B4D8D48DA56B}
	EndGlobalSection
EndGlobal
